// !$*UTF8*$!
{
	archiveVersion = 1;
	classes = {
	};
	objectVersion = 55;
	objects = {

/* Begin PBXBuildFile section */
		3E03433B27FC3F9500674437 /* AppDelegate.m in Sources */ = {isa = PBXBuildFile; fileRef = 3E03433A27FC3F9500674437 /* AppDelegate.m */; };
		3E03433E27FC3F9500674437 /* SceneDelegate.m in Sources */ = {isa = PBXBuildFile; fileRef = 3E03433D27FC3F9500674437 /* SceneDelegate.m */; };
		3E03434427FC3F9500674437 /* Main.storyboard in Resources */ = {isa = PBXBuildFile; fileRef = 3E03434227FC3F9500674437 /* Main.storyboard */; };
		3E03434627FC3F9700674437 /* Assets.xcassets in Resources */ = {isa = PBXBuildFile; fileRef = 3E03434527FC3F9700674437 /* Assets.xcassets */; };
		3E03434927FC3F9700674437 /* LaunchScreen.storyboard in Resources */ = {isa = PBXBuildFile; fileRef = 3E03434727FC3F9700674437 /* LaunchScreen.storyboard */; };
		3E03434C27FC3F9700674437 /* main.m in Sources */ = {isa = PBXBuildFile; fileRef = 3E03434B27FC3F9700674437 /* main.m */; };
		3E03435427FC468100674437 /* AddTasks.m in Sources */ = {isa = PBXBuildFile; fileRef = 3E03435327FC468100674437 /* AddTasks.m */; };
		3E03435A27FC4B7C00674437 /* TableViewController.m in Sources */ = {isa = PBXBuildFile; fileRef = 3E03435927FC4B7C00674437 /* TableViewController.m */; };
		3E03435D27FC589100674437 /* Tasks.m in Sources */ = {isa = PBXBuildFile; fileRef = 3E03435C27FC589100674437 /* Tasks.m */; };
		3EABBA4E27FDC4B700FF8322 /* ProgressDetailsViewController.m in Sources */ = {isa = PBXBuildFile; fileRef = 3EABBA4D27FDC4B700FF8322 /* ProgressDetailsViewController.m */; };
		3EDBAB30282BFA0500608680 /* ViewController.m in Sources */ = {isa = PBXBuildFile; fileRef = 3EDBAB2F282BFA0500608680 /* ViewController.m */; };
		3EF39B8527FCDDEA00171347 /* DetailsViewController.m in Sources */ = {isa = PBXBuildFile; fileRef = 3EF39B8427FCDDEA00171347 /* DetailsViewController.m */; };
		3EF39B8827FD0E3600171347 /* DoneTableViewController.m in Sources */ = {isa = PBXBuildFile; fileRef = 3EF39B8727FD0E3600171347 /* DoneTableViewController.m */; };
		3EF39B8B27FD0E4B00171347 /* ProgressTableViewController.m in Sources */ = {isa = PBXBuildFile; fileRef = 3EF39B8A27FD0E4B00171347 /* ProgressTableViewController.m */; };
/* End PBXBuildFile section */

/* Begin PBXFileReference section */
		3E03433627FC3F9500674437 /* todoList.app */ = {isa = PBXFileReference; explicitFileType = wrapper.application; includeInIndex = 0; path = todoList.app; sourceTree = BUILT_PRODUCTS_DIR; };
		3E03433927FC3F9500674437 /* AppDelegate.h */ = {isa = PBXFileReference; lastKnownFileType = sourcecode.c.h; path = AppDelegate.h; sourceTree = "<group>"; };
		3E03433A27FC3F9500674437 /* AppDelegate.m */ = {isa = PBXFileReference; lastKnownFileType = sourcecode.c.objc; path = AppDelegate.m; sourceTree = "<group>"; };
		3E03433C27FC3F9500674437 /* SceneDelegate.h */ = {isa = PBXFileReference; lastKnownFileType = sourcecode.c.h; path = SceneDelegate.h; sourceTree = "<group>"; };
		3E03433D27FC3F9500674437 /* SceneDelegate.m */ = {isa = PBXFileReference; lastKnownFileType = sourcecode.c.objc; path = SceneDelegate.m; sourceTree = "<group>"; };
		3E03434327FC3F9500674437 /* Base */ = {isa = PBXFileReference; lastKnownFileType = file.storyboard; name = Base; path = Base.lproj/Main.storyboard; sourceTree = "<group>"; };
		3E03434527FC3F9700674437 /* Assets.xcassets */ = {isa = PBXFileReference; lastKnownFileType = folder.assetcatalog; path = Assets.xcassets; sourceTree = "<group>"; };
		3E03434827FC3F9700674437 /* Base */ = {isa = PBXFileReference; lastKnownFileType = file.storyboard; name = Base; path = Base.lproj/LaunchScreen.storyboard; sourceTree = "<group>"; };
		3E03434A27FC3F9700674437 /* Info.plist */ = {isa = PBXFileReference; lastKnownFileType = text.plist.xml; path = Info.plist; sourceTree = "<group>"; };
		3E03434B27FC3F9700674437 /* main.m */ = {isa = PBXFileReference; lastKnownFileType = sourcecode.c.objc; path = main.m; sourceTree = "<group>"; };
		3E03435227FC468100674437 /* AddTasks.h */ = {isa = PBXFileReference; lastKnownFileType = sourcecode.c.h; path = AddTasks.h; sourceTree = "<group>"; };
		3E03435327FC468100674437 /* AddTasks.m */ = {isa = PBXFileReference; lastKnownFileType = sourcecode.c.objc; path = AddTasks.m; sourceTree = "<group>"; };
		3E03435827FC4B7C00674437 /* TableViewController.h */ = {isa = PBXFileReference; lastKnownFileType = sourcecode.c.h; path = TableViewController.h; sourceTree = "<group>"; };
		3E03435927FC4B7C00674437 /* TableViewController.m */ = {isa = PBXFileReference; lastKnownFileType = sourcecode.c.objc; path = TableViewController.m; sourceTree = "<group>"; };
		3E03435B27FC589100674437 /* Tasks.h */ = {isa = PBXFileReference; lastKnownFileType = sourcecode.c.h; path = Tasks.h; sourceTree = "<group>"; };
		3E03435C27FC589100674437 /* Tasks.m */ = {isa = PBXFileReference; lastKnownFileType = sourcecode.c.objc; path = Tasks.m; sourceTree = "<group>"; };
		3EABBA4C27FDC4B700FF8322 /* ProgressDetailsViewController.h */ = {isa = PBXFileReference; lastKnownFileType = sourcecode.c.h; path = ProgressDetailsViewController.h; sourceTree = "<group>"; };
		3EABBA4D27FDC4B700FF8322 /* ProgressDetailsViewController.m */ = {isa = PBXFileReference; lastKnownFileType = sourcecode.c.objc; path = ProgressDetailsViewController.m; sourceTree = "<group>"; };
		3EDBAB2E282BFA0500608680 /* ViewController.h */ = {isa = PBXFileReference; lastKnownFileType = sourcecode.c.h; path = ViewController.h; sourceTree = "<group>"; };
		3EDBAB2F282BFA0500608680 /* ViewController.m */ = {isa = PBXFileReference; lastKnownFileType = sourcecode.c.objc; path = ViewController.m; sourceTree = "<group>"; };
		3EF39B8327FCDDEA00171347 /* DetailsViewController.h */ = {isa = PBXFileReference; lastKnownFileType = sourcecode.c.h; path = DetailsViewController.h; sourceTree = "<group>"; };
		3EF39B8427FCDDEA00171347 /* DetailsViewController.m */ = {isa = PBXFileReference; lastKnownFileType = sourcecode.c.objc; path = DetailsViewController.m; sourceTree = "<group>"; };
		3EF39B8627FD0E3600171347 /* DoneTableViewController.h */ = {isa = PBXFileReference; lastKnownFileType = sourcecode.c.h; path = DoneTableViewController.h; sourceTree = "<group>"; };
		3EF39B8727FD0E3600171347 /* DoneTableViewController.m */ = {isa = PBXFileReference; lastKnownFileType = sourcecode.c.objc; path = DoneTableViewController.m; sourceTree = "<group>"; };
		3EF39B8927FD0E4B00171347 /* ProgressTableViewController.h */ = {isa = PBXFileReference; lastKnownFileType = sourcecode.c.h; path = ProgressTableViewController.h; sourceTree = "<group>"; };
		3EF39B8A27FD0E4B00171347 /* ProgressTableViewController.m */ = {isa = PBXFileReference; lastKnownFileType = sourcecode.c.objc; path = ProgressTableViewController.m; sourceTree = "<group>"; };
/* End PBXFileReference section */

/* Begin PBXFrameworksBuildPhase section */
		3E03433327FC3F9500674437 /* Frameworks */ = {
			isa = PBXFrameworksBuildPhase;
			buildActionMask = 2147483647;
			files = (
			);
			runOnlyForDeploymentPostprocessing = 0;
		};
/* End PBXFrameworksBuildPhase section */

/* Begin PBXGroup section */
		3E03432D27FC3F9500674437 = {
			isa = PBXGroup;
			children = (
				3E03433827FC3F9500674437 /* todoList */,
				3E03433727FC3F9500674437 /* Products */,
			);
			sourceTree = "<group>";
		};
		3E03433727FC3F9500674437 /* Products */ = {
			isa = PBXGroup;
			children = (
				3E03433627FC3F9500674437 /* todoList.app */,
			);
			name = Products;
			sourceTree = "<group>";
		};
		3E03433827FC3F9500674437 /* todoList */ = {
			isa = PBXGroup;
			children = (
				3EDBAB25282BF8CF00608680 /* Controlers */,
				3EDBAB24282BF8C900608680 /* View */,
				3EDBAB23282BF8C300608680 /* Model */,
				3E03433927FC3F9500674437 /* AppDelegate.h */,
				3E03433A27FC3F9500674437 /* AppDelegate.m */,
				3E03433C27FC3F9500674437 /* SceneDelegate.h */,
				3E03433D27FC3F9500674437 /* SceneDelegate.m */,
				3E03434A27FC3F9700674437 /* Info.plist */,
				3E03434B27FC3F9700674437 /* main.m */,
			);
			path = todoList;
			sourceTree = "<group>";
		};
		3EDBAB23282BF8C300608680 /* Model */ = {
			isa = PBXGroup;
			children = (
				3E03435B27FC589100674437 /* Tasks.h */,
				3E03435C27FC589100674437 /* Tasks.m */,
			);
			path = Model;
			sourceTree = "<group>";
		};
		3EDBAB24282BF8C900608680 /* View */ = {
			isa = PBXGroup;
			children = (
				3E03434227FC3F9500674437 /* Main.storyboard */,
				3E03434527FC3F9700674437 /* Assets.xcassets */,
				3E03434727FC3F9700674437 /* LaunchScreen.storyboard */,
			);
			path = View;
			sourceTree = "<group>";
		};
		3EDBAB25282BF8CF00608680 /* Controlers */ = {
			isa = PBXGroup;
			children = (
				3EDBAB2A282BF98A00608680 /* DoneScreen */,
				3EDBAB29282BF93B00608680 /* ProgressScreen */,
				3EDBAB28282BF92B00608680 /* DetailsScreen */,
				3EDBAB27282BF92200608680 /* HomeScreen */,
				3EDBAB26282BF91400608680 /* AddTaskScreen */,
			);
			path = Controlers;
			sourceTree = "<group>";
		};
		3EDBAB26282BF91400608680 /* AddTaskScreen */ = {
			isa = PBXGroup;
			children = (
				3E03435227FC468100674437 /* AddTasks.h */,
				3E03435327FC468100674437 /* AddTasks.m */,
			);
			path = AddTaskScreen;
			sourceTree = "<group>";
		};
		3EDBAB27282BF92200608680 /* HomeScreen */ = {
			isa = PBXGroup;
			children = (
				3E03435827FC4B7C00674437 /* TableViewController.h */,
				3E03435927FC4B7C00674437 /* TableViewController.m */,
			);
			path = HomeScreen;
			sourceTree = "<group>";
		};
		3EDBAB28282BF92B00608680 /* DetailsScreen */ = {
			isa = PBXGroup;
			children = (
				3EF39B8327FCDDEA00171347 /* DetailsViewController.h */,
				3EF39B8427FCDDEA00171347 /* DetailsViewController.m */,
				3EDBAB2F282BFA0500608680 /* ViewController.m */,
				3EDBAB2E282BFA0500608680 /* ViewController.h */,
			);
			path = DetailsScreen;
			sourceTree = "<group>";
		};
		3EDBAB29282BF93B00608680 /* ProgressScreen */ = {
			isa = PBXGroup;
			children = (
				3EF39B8927FD0E4B00171347 /* ProgressTableViewController.h */,
				3EF39B8A27FD0E4B00171347 /* ProgressTableViewController.m */,
				3EABBA4C27FDC4B700FF8322 /* ProgressDetailsViewController.h */,
				3EABBA4D27FDC4B700FF8322 /* ProgressDetailsViewController.m */,
			);
			path = ProgressScreen;
			sourceTree = "<group>";
		};
		3EDBAB2A282BF98A00608680 /* DoneScreen */ = {
			isa = PBXGroup;
			children = (
				3EF39B8627FD0E3600171347 /* DoneTableViewController.h */,
				3EF39B8727FD0E3600171347 /* DoneTableViewController.m */,
			);
			path = DoneScreen;
			sourceTree = "<group>";
		};
/* End PBXGroup section */

/* Begin PBXNativeTarget section */
		3E03433527FC3F9500674437 /* todoList */ = {
			isa = PBXNativeTarget;
			buildConfigurationList = 3E03434F27FC3F9700674437 /* Build configuration list for PBXNativeTarget "todoList" */;
			buildPhases = (
				3E03433227FC3F9500674437 /* Sources */,
				3E03433327FC3F9500674437 /* Frameworks */,
				3E03433427FC3F9500674437 /* Resources */,
			);
			buildRules = (
			);
			dependencies = (
			);
			name = todoList;
			productName = todoList;
			productReference = 3E03433627FC3F9500674437 /* todoList.app */;
			productType = "com.apple.product-type.application";
		};
/* End PBXNativeTarget section */

/* Begin PBXProject section */
		3E03432E27FC3F9500674437 /* Project object */ = {
			isa = PBXProject;
			attributes = {
				BuildIndependentTargetsInParallel = 1;
				LastUpgradeCheck = 1320;
				TargetAttributes = {
					3E03433527FC3F9500674437 = {
						CreatedOnToolsVersion = 13.2.1;
					};
				};
			};
			buildConfigurationList = 3E03433127FC3F9500674437 /* Build configuration list for PBXProject "todoList" */;
			compatibilityVersion = "Xcode 13.0";
			developmentRegion = en;
			hasScannedForEncodings = 0;
			knownRegions = (
				en,
				Base,
			);
			mainGroup = 3E03432D27FC3F9500674437;
			productRefGroup = 3E03433727FC3F9500674437 /* Products */;
			projectDirPath = "";
			projectRoot = "";
			targets = (
				3E03433527FC3F9500674437 /* todoList */,
			);
		};
/* End PBXProject section */

/* Begin PBXResourcesBuildPhase section */
		3E03433427FC3F9500674437 /* Resources */ = {
			isa = PBXResourcesBuildPhase;
			buildActionMask = 2147483647;
			files = (
				3E03434927FC3F9700674437 /* LaunchScreen.storyboard in Resources */,
				3E03434627FC3F9700674437 /* Assets.xcassets in Resources */,
				3E03434427FC3F9500674437 /* Main.storyboard in Resources */,
			);
			runOnlyForDeploymentPostprocessing = 0;
		};
/* End PBXResourcesBuildPhase section */

/* Begin PBXSourcesBuildPhase section */
		3E03433227FC3F9500674437 /* Sources */ = {
			isa = PBXSourcesBuildPhase;
			buildActionMask = 2147483647;
			files = (
				3EF39B8B27FD0E4B00171347 /* ProgressTableViewController.m in Sources */,
				3E03435A27FC4B7C00674437 /* TableViewController.m in Sources */,
				3EABBA4E27FDC4B700FF8322 /* ProgressDetailsViewController.m in Sources */,
				3E03433B27FC3F9500674437 /* AppDelegate.m in Sources */,
				3E03434C27FC3F9700674437 /* main.m in Sources */,
				3EDBAB30282BFA0500608680 /* ViewController.m in Sources */,
				3EF39B8827FD0E3600171347 /* DoneTableViewController.m in Sources */,
				3E03433E27FC3F9500674437 /* SceneDelegate.m in Sources */,
				3E03435427FC468100674437 /* AddTasks.m in Sources */,
				3E03435D27FC589100674437 /* Tasks.m in Sources */,
				3EF39B8527FCDDEA00171347 /* DetailsViewController.m in Sources */,
			);
			runOnlyForDeploymentPostprocessing = 0;
		};
/* End PBXSourcesBuildPhase section */

/* Begin PBXVariantGroup section */
		3E03434227FC3F9500674437 /* Main.storyboard */ = {
			isa = PBXVariantGroup;
			children = (
				3E03434327FC3F9500674437 /* Base */,
			);
			name = Main.storyboard;
			sourceTree = "<group>";
		};
		3E03434727FC3F9700674437 /* LaunchScreen.storyboard */ = {
			isa = PBXVariantGroup;
			children = (
				3E03434827FC3F9700674437 /* Base */,
			);
			name = LaunchScreen.storyboard;
			sourceTree = "<group>";
		};
/* End PBXVariantGroup section */

/* Begin XCBuildConfiguration section */
		3E03434D27FC3F9700674437 /* Debug */ = {
			isa = XCBuildConfiguration;
			buildSettings = {
				ALWAYS_SEARCH_USER_PATHS = NO;
				CLANG_ANALYZER_NONNULL = YES;
				CLANG_ANALYZER_NUMBER_OBJECT_CONVERSION = YES_AGGRESSIVE;
				CLANG_CXX_LANGUAGE_STANDARD = "gnu++17";
				CLANG_CXX_LIBRARY = "libc++";
				CLANG_ENABLE_MODULES = YES;
				CLANG_ENABLE_OBJC_ARC = YES;
				CLANG_ENABLE_OBJC_WEAK = YES;
				CLANG_WARN_BLOCK_CAPTURE_AUTORELEASING = YES;
				CLANG_WARN_BOOL_CONVERSION = YES;
				CLANG_WARN_COMMA = YES;
				CLANG_WARN_CONSTANT_CONVERSION = YES;
				CLANG_WARN_DEPRECATED_OBJC_IMPLEMENTATIONS = YES;
				CLANG_WARN_DIRECT_OBJC_ISA_USAGE = YES_ERROR;
				CLANG_WARN_DOCUMENTATION_COMMENTS = YES;
				CLANG_WARN_EMPTY_BODY = YES;
				CLANG_WARN_ENUM_CONVERSION = YES;
				CLANG_WARN_INFINITE_RECURSION = YES;
				CLANG_WARN_INT_CONVERSION = YES;
				CLANG_WARN_NON_LITERAL_NULL_CONVERSION = YES;
				CLANG_WARN_OBJC_IMPLICIT_RETAIN_SELF = YES;
				CLANG_WARN_OBJC_LITERAL_CONVERSION = YES;
				CLANG_WARN_OBJC_ROOT_CLASS = YES_ERROR;
				CLANG_WARN_QUOTED_INCLUDE_IN_FRAMEWORK_HEADER = YES;
				CLANG_WARN_RANGE_LOOP_ANALYSIS = YES;
				CLANG_WARN_STRICT_PROTOTYPES = YES;
				CLANG_WARN_SUSPICIOUS_MOVE = YES;
				CLANG_WARN_UNGUARDED_AVAILABILITY = YES_AGGRESSIVE;
				CLANG_WARN_UNREACHABLE_CODE = YES;
				CLANG_WARN__DUPLICATE_METHOD_MATCH = YES;
				COPY_PHASE_STRIP = NO;
				DEBUG_INFORMATION_FORMAT = dwarf;
				ENABLE_STRICT_OBJC_MSGSEND = YES;
				ENABLE_TESTABILITY = YES;
				GCC_C_LANGUAGE_STANDARD = gnu11;
				GCC_DYNAMIC_NO_PIC = NO;
				GCC_NO_COMMON_BLOCKS = YES;
				GCC_OPTIMIZATION_LEVEL = 0;
				GCC_PREPROCESSOR_DEFINITIONS = (
					"DEBUG=1",
					"$(inherited)",
				);
				GCC_WARN_64_TO_32_BIT_CONVERSION = YES;
				GCC_WARN_ABOUT_RETURN_TYPE = YES_ERROR;
				GCC_WARN_UNDECLARED_SELECTOR = YES;
				GCC_WARN_UNINITIALIZED_AUTOS = YES_AGGRESSIVE;
				GCC_WARN_UNUSED_FUNCTION = YES;
				GCC_WARN_UNUSED_VARIABLE = YES;
				IPHONEOS_DEPLOYMENT_TARGET = 15.2;
				MTL_ENABLE_DEBUG_INFO = INCLUDE_SOURCE;
				MTL_FAST_MATH = YES;
				ONLY_ACTIVE_ARCH = YES;
				SDKROOT = iphoneos;
			};
			name = Debug;
		};
		3E03434E27FC3F9700674437 /* Release */ = {
			isa = XCBuildConfiguration;
			buildSettings = {
				ALWAYS_SEARCH_USER_PATHS = NO;
				CLANG_ANALYZER_NONNULL = YES;
				CLANG_ANALYZER_NUMBER_OBJECT_CONVERSION = YES_AGGRESSIVE;
				CLANG_CXX_LANGUAGE_STANDARD = "gnu++17";
				CLANG_CXX_LIBRARY = "libc++";
				CLANG_ENABLE_MODULES = YES;
				CLANG_ENABLE_OBJC_ARC = YES;
				CLANG_ENABLE_OBJC_WEAK = YES;
				CLANG_WARN_BLOCK_CAPTURE_AUTORELEASING = YES;
				CLANG_WARN_BOOL_CONVERSION = YES;
				CLANG_WARN_COMMA = YES;
				CLANG_WARN_CONSTANT_CONVERSION = YES;
				CLANG_WARN_DEPRECATED_OBJC_IMPLEMENTATIONS = YES;
				CLANG_WARN_DIRECT_OBJC_ISA_USAGE = YES_ERROR;
				CLANG_WARN_DOCUMENTATION_COMMENTS = YES;
				CLANG_WARN_EMPTY_BODY = YES;
				CLANG_WARN_ENUM_CONVERSION = YES;
				CLANG_WARN_INFINITE_RECURSION = YES;
				CLANG_WARN_INT_CONVERSION = YES;
				CLANG_WARN_NON_LITERAL_NULL_CONVERSION = YES;
				CLANG_WARN_OBJC_IMPLICIT_RETAIN_SELF = YES;
				CLANG_WARN_OBJC_LITERAL_CONVERSION = YES;
				CLANG_WARN_OBJC_ROOT_CLASS = YES_ERROR;
				CLANG_WARN_QUOTED_INCLUDE_IN_FRAMEWORK_HEADER = YES;
				CLANG_WARN_RANGE_LOOP_ANALYSIS = YES;
				CLANG_WARN_STRICT_PROTOTYPES = YES;
				CLANG_WARN_SUSPICIOUS_MOVE = YES;
				CLANG_WARN_UNGUARDED_AVAILABILITY = YES_AGGRESSIVE;
				CLANG_WARN_UNREACHABLE_CODE = YES;
				CLANG_WARN__DUPLICATE_METHOD_MATCH = YES;
				COPY_PHASE_STRIP = NO;
				DEBUG_INFORMATION_FORMAT = "dwarf-with-dsym";
				ENABLE_NS_ASSERTIONS = NO;
				ENABLE_STRICT_OBJC_MSGSEND = YES;
				GCC_C_LANGUAGE_STANDARD = gnu11;
				GCC_NO_COMMON_BLOCKS = YES;
				GCC_WARN_64_TO_32_BIT_CONVERSION = YES;
				GCC_WARN_ABOUT_RETURN_TYPE = YES_ERROR;
				GCC_WARN_UNDECLARED_SELECTOR = YES;
				GCC_WARN_UNINITIALIZED_AUTOS = YES_AGGRESSIVE;
				GCC_WARN_UNUSED_FUNCTION = YES;
				GCC_WARN_UNUSED_VARIABLE = YES;
				IPHONEOS_DEPLOYMENT_TARGET = 15.2;
				MTL_ENABLE_DEBUG_INFO = NO;
				MTL_FAST_MATH = YES;
				SDKROOT = iphoneos;
				VALIDATE_PRODUCT = YES;
			};
			name = Release;
		};
		3E03435027FC3F9700674437 /* Debug */ = {
			isa = XCBuildConfiguration;
			buildSettings = {
				ASSETCATALOG_COMPILER_APPICON_NAME = AppIcon;
				ASSETCATALOG_COMPILER_GLOBAL_ACCENT_COLOR_NAME = AccentColor;
				CODE_SIGN_STYLE = Automatic;
				CURRENT_PROJECT_VERSION = 1;
				GENERATE_INFOPLIST_FILE = YES;
				INFOPLIST_FILE = todoList/Info.plist;
				INFOPLIST_KEY_UIApplicationSupportsIndirectInputEvents = YES;
				INFOPLIST_KEY_UILaunchStoryboardName = LaunchScreen;
				INFOPLIST_KEY_UIMainStoryboardFile = Main;
				INFOPLIST_KEY_UISupportedInterfaceOrientations_iPad = "UIInterfaceOrientationPortrait UIInterfaceOrientationPortraitUpsideDown UIInterfaceOrientationLandscapeLeft UIInterfaceOrientationLandscapeRight";
				INFOPLIST_KEY_UISupportedInterfaceOrientations_iPhone = "UIInterfaceOrientationPortrait UIInterfaceOrientationLandscapeLeft UIInterfaceOrientationLandscapeRight";
				LD_RUNPATH_SEARCH_PATHS = (
					"$(inherited)",
					"@executable_path/Frameworks",
				);
				MARKETING_VERSION = 1.0;
				PRODUCT_BUNDLE_IDENTIFIER = iti.todoList;
				PRODUCT_NAME = "$(TARGET_NAME)";
				SWIFT_EMIT_LOC_STRINGS = YES;
				TARGETED_DEVICE_FAMILY = "1,2";
			};
			name = Debug;
		};
		3E03435127FC3F9700674437 /* Release */ = {
			isa = XCBuildConfiguration;
			buildSettings = {
				ASSETCATALOG_COMPILER_APPICON_NAME = AppIcon;
				ASSETCATALOG_COMPILER_GLOBAL_ACCENT_COLOR_NAME = AccentColor;
				CODE_SIGN_STYLE = Automatic;
				CURRENT_PROJECT_VERSION = 1;
				GENERATE_INFOPLIST_FILE = YES;
				INFOPLIST_FILE = todoList/Info.plist;
				INFOPLIST_KEY_UIApplicationSupportsIndirectInputEvents = YES;
				INFOPLIST_KEY_UILaunchStoryboardName = LaunchScreen;
				INFOPLIST_KEY_UIMainStoryboardFile = Main;
				INFOPLIST_KEY_UISupportedInterfaceOrientations_iPad = "UIInterfaceOrientationPortrait UIInterfaceOrientationPortraitUpsideDown UIInterfaceOrientationLandscapeLeft UIInterfaceOrientationLandscapeRight";
				INFOPLIST_KEY_UISupportedInterfaceOrientations_iPhone = "UIInterfaceOrientationPortrait UIInterfaceOrientationLandscapeLeft UIInterfaceOrientationLandscapeRight";
				LD_RUNPATH_SEARCH_PATHS = (
					"$(inherited)",
					"@executable_path/Frameworks",
				);
				MARKETING_VERSION = 1.0;
				PRODUCT_BUNDLE_IDENTIFIER = iti.todoList;
				PRODUCT_NAME = "$(TARGET_NAME)";
				SWIFT_EMIT_LOC_STRINGS = YES;
				TARGETED_DEVICE_FAMILY = "1,2";
			};
			name = Release;
		};
/* End XCBuildConfiguration section */

/* Begin XCConfigurationList section */
		3E03433127FC3F9500674437 /* Build configuration list for PBXProject "todoList" */ = {
			isa = XCConfigurationList;
			buildConfigurations = (
				3E03434D27FC3F9700674437 /* Debug */,
				3E03434E27FC3F9700674437 /* Release */,
			);
			defaultConfigurationIsVisible = 0;
			defaultConfigurationName = Release;
		};
		3E03434F27FC3F9700674437 /* Build configuration list for PBXNativeTarget "todoList" */ = {
			isa = XCConfigurationList;
			buildConfigurations = (
				3E03435027FC3F9700674437 /* Debug */,
				3E03435127FC3F9700674437 /* Release */,
			);
			defaultConfigurationIsVisible = 0;
			defaultConfigurationName = Release;
		};
/* End XCConfigurationList section */
	};
	rootObject = 3E03432E27FC3F9500674437 /* Project object */;
}
